
Microsoft Visual Studio Solution File, Format Version 12.00
# Visual Studio Version 17
VisualStudioVersion = 17.4.33205.214
MinimumVisualStudioVersion = 10.0.40219.1
Project("{9A19103F-16F7-4668-BE54-9A1E7A4F7556}") = "Fixxo.Cms", "Fixxo.Cms\Fixxo.Cms.csproj", "{241F6A97-3A15-4B36-A6E9-C4454D718E4A}"
EndProject
Project("{2150E333-8FDC-42A3-9474-1A3956D46DE8}") = "Solution Items", "Solution Items", "{8EABAC7F-6FF4-4203-B1BF-2BA408FBDC4E}"
	ProjectSection(SolutionItems) = preProject
		.gitignore = .gitignore
		LICENSE = LICENSE
		README.md = README.md
	EndProjectSection
EndProject
Global
	GlobalSection(SolutionConfigurationPlatforms) = preSolution
		Debug|Any CPU = Debug|Any CPU
		Release|Any CPU = Release|Any CPU
	EndGlobalSection
	GlobalSection(ProjectConfigurationPlatforms) = postSolution
		{241F6A97-3A15-4B36-A6E9-C4454D718E4A}.Debug|Any CPU.ActiveCfg = Debug|Any CPU
		{241F6A97-3A15-4B36-A6E9-C4454D718E4A}.Debug|Any CPU.Build.0 = Debug|Any CPU
		{241F6A97-3A15-4B36-A6E9-C4454D718E4A}.Release|Any CPU.ActiveCfg = Release|Any CPU
		{241F6A97-3A15-4B36-A6E9-C4454D718E4A}.Release|Any CPU.Build.0 = Release|Any CPU
	EndGlobalSection
	GlobalSection(SolutionProperties) = preSolution
		HideSolutionNode = FALSE
	EndGlobalSection
	GlobalSection(ExtensibilityGlobals) = postSolution
		SolutionGuid = {598E7087-1688-4F3E-878B-492DFD1E3689}
	EndGlobalSection
EndGlobal
